{
  "name": "timechain",
  "version": "1.2.0",
  "lockfileVersion": 1,
  "requires": true,
  "dependencies": {
    "zpromise": {
      "version": "1.2.0",
      "resolved": "https://registry.npmjs.org/zpromise/-/zpromise-1.2.0.tgz",
      "integrity": "sha512-qGj9h8Z2o0oQS6CXerVEMapXot6vIzxe5vK5sBvMX+qPDHATDpQZFPew1ZtpbeoYGDms1Gh5h0tzK/rpGawJyA==",
      "dev": true
    }
  }
}
